
Microsoft Visual Studio Solution File, Format Version 12.00
# Visual Studio Version 17
VisualStudioVersion = 17.10.35122.118
MinimumVisualStudioVersion = 10.0.40219.1
Project("{9A19103F-16F7-4668-BE54-9A1E7A4F7556}") = "TeamServer", "TeamServer\TeamServer.csproj", "{1AAE73A7-F2F6-4ED1-9553-B7A1ACA742C9}"
EndProject
Project("{9A19103F-16F7-4668-BE54-9A1E7A4F7556}") = "ApiModels", "ApiModels\ApiModels.csproj", "{50B010FD-EDA8-4546-976E-DC6121B1333D}"
EndProject
Project("{FAE04EC0-301F-11D3-BF4B-00C04F79EFBC}") = "Agent", "Agent\Agent.csproj", "{3D49C293-77D6-4D4C-9D72-7EE427F4554E}"
EndProject
Global
	GlobalSection(SolutionConfigurationPlatforms) = preSolution
		Debug|Any CPU = Debug|Any CPU
		Release|Any CPU = Release|Any CPU
	EndGlobalSection
	GlobalSection(ProjectConfigurationPlatforms) = postSolution
		{1AAE73A7-F2F6-4ED1-9553-B7A1ACA742C9}.Debug|Any CPU.ActiveCfg = Debug|Any CPU
		{1AAE73A7-F2F6-4ED1-9553-B7A1ACA742C9}.Debug|Any CPU.Build.0 = Debug|Any CPU
		{1AAE73A7-F2F6-4ED1-9553-B7A1ACA742C9}.Release|Any CPU.ActiveCfg = Release|Any CPU
		{1AAE73A7-F2F6-4ED1-9553-B7A1ACA742C9}.Release|Any CPU.Build.0 = Release|Any CPU
		{50B010FD-EDA8-4546-976E-DC6121B1333D}.Debug|Any CPU.ActiveCfg = Debug|Any CPU
		{50B010FD-EDA8-4546-976E-DC6121B1333D}.Debug|Any CPU.Build.0 = Debug|Any CPU
		{50B010FD-EDA8-4546-976E-DC6121B1333D}.Release|Any CPU.ActiveCfg = Release|Any CPU
		{50B010FD-EDA8-4546-976E-DC6121B1333D}.Release|Any CPU.Build.0 = Release|Any CPU
		{3D49C293-77D6-4D4C-9D72-7EE427F4554E}.Debug|Any CPU.ActiveCfg = Debug|Any CPU
		{3D49C293-77D6-4D4C-9D72-7EE427F4554E}.Debug|Any CPU.Build.0 = Debug|Any CPU
		{3D49C293-77D6-4D4C-9D72-7EE427F4554E}.Release|Any CPU.ActiveCfg = Release|Any CPU
		{3D49C293-77D6-4D4C-9D72-7EE427F4554E}.Release|Any CPU.Build.0 = Release|Any CPU
	EndGlobalSection
	GlobalSection(SolutionProperties) = preSolution
		HideSolutionNode = FALSE
	EndGlobalSection
	GlobalSection(ExtensibilityGlobals) = postSolution
		SolutionGuid = {E52ED995-848C-4B74-8544-873A1D75E45B}
	EndGlobalSection
EndGlobal
